// !$*UTF8*$!
{
	archiveVersion = 1;
	classes = {
	};
	objectVersion = 56;
	objects = {

/* Begin PBXBuildFile section */
		CB3F0A9A2A395C0400971533 /* AppDelegate.swift in Sources */ = {isa = PBXBuildFile; fileRef = CB3F0A992A395C0400971533 /* AppDelegate.swift */; };
		CB3F0A9C2A395C0400971533 /* SceneDelegate.swift in Sources */ = {isa = PBXBuildFile; fileRef = CB3F0A9B2A395C0400971533 /* SceneDelegate.swift */; };
		CB3F0A9E2A395C0400971533 /* ViewController.swift in Sources */ = {isa = PBXBuildFile; fileRef = CB3F0A9D2A395C0400971533 /* ViewController.swift */; };
		CB3F0AA12A395C0400971533 /* Main.storyboard in Resources */ = {isa = PBXBuildFile; fileRef = CB3F0A9F2A395C0400971533 /* Main.storyboard */; };
		CB3F0AA32A395C0600971533 /* Assets.xcassets in Resources */ = {isa = PBXBuildFile; fileRef = CB3F0AA22A395C0600971533 /* Assets.xcassets */; };
		CB3F0AA62A395C0600971533 /* LaunchScreen.storyboard in Resources */ = {isa = PBXBuildFile; fileRef = CB3F0AA42A395C0600971533 /* LaunchScreen.storyboard */; };
		CB3F0AAF2A396C3300971533 /* Alamofire in Frameworks */ = {isa = PBXBuildFile; productRef = CB3F0AAE2A396C3300971533 /* Alamofire */; };
		CB3F0AB52A39BC8D00971533 /* DLADDR.swift in Sources */ = {isa = PBXBuildFile; fileRef = CB3F0AB12A39BC8D00971533 /* DLADDR.swift */; };
		CB3F0AB62A39BC8D00971533 /* DLADDRParser.swift in Sources */ = {isa = PBXBuildFile; fileRef = CB3F0AB22A39BC8D00971533 /* DLADDRParser.swift */; };
		CB3F0AB72A39BC8D00971533 /* CallStackSymbolsError.swift in Sources */ = {isa = PBXBuildFile; fileRef = CB3F0AB32A39BC8D00971533 /* CallStackSymbolsError.swift */; };
		CB3F0AB82A39BC8D00971533 /* CallStackSymbols.swift in Sources */ = {isa = PBXBuildFile; fileRef = CB3F0AB42A39BC8D00971533 /* CallStackSymbols.swift */; };
		CB3F0ABC2A39BFFD00971533 /* BSBacktraceLogger.m in Sources */ = {isa = PBXBuildFile; fileRef = CB3F0ABB2A39BFFD00971533 /* BSBacktraceLogger.m */; };
/* End PBXBuildFile section */

/* Begin PBXFileReference section */
		CB3F0A962A395C0400971533 /* log.app */ = {isa = PBXFileReference; explicitFileType = wrapper.application; includeInIndex = 0; path = log.app; sourceTree = BUILT_PRODUCTS_DIR; };
		CB3F0A992A395C0400971533 /* AppDelegate.swift */ = {isa = PBXFileReference; lastKnownFileType = sourcecode.swift; path = AppDelegate.swift; sourceTree = "<group>"; };
		CB3F0A9B2A395C0400971533 /* SceneDelegate.swift */ = {isa = PBXFileReference; lastKnownFileType = sourcecode.swift; path = SceneDelegate.swift; sourceTree = "<group>"; };
		CB3F0A9D2A395C0400971533 /* ViewController.swift */ = {isa = PBXFileReference; lastKnownFileType = sourcecode.swift; path = ViewController.swift; sourceTree = "<group>"; };
		CB3F0AA02A395C0400971533 /* Base */ = {isa = PBXFileReference; lastKnownFileType = file.storyboard; name = Base; path = Base.lproj/Main.storyboard; sourceTree = "<group>"; };
		CB3F0AA22A395C0600971533 /* Assets.xcassets */ = {isa = PBXFileReference; lastKnownFileType = folder.assetcatalog; path = Assets.xcassets; sourceTree = "<group>"; };
		CB3F0AA52A395C0600971533 /* Base */ = {isa = PBXFileReference; lastKnownFileType = file.storyboard; name = Base; path = Base.lproj/LaunchScreen.storyboard; sourceTree = "<group>"; };
		CB3F0AA72A395C0600971533 /* Info.plist */ = {isa = PBXFileReference; lastKnownFileType = text.plist.xml; path = Info.plist; sourceTree = "<group>"; };
		CB3F0AB12A39BC8D00971533 /* DLADDR.swift */ = {isa = PBXFileReference; fileEncoding = 4; lastKnownFileType = sourcecode.swift; path = DLADDR.swift; sourceTree = "<group>"; };
		CB3F0AB22A39BC8D00971533 /* DLADDRParser.swift */ = {isa = PBXFileReference; fileEncoding = 4; lastKnownFileType = sourcecode.swift; path = DLADDRParser.swift; sourceTree = "<group>"; };
		CB3F0AB32A39BC8D00971533 /* CallStackSymbolsError.swift */ = {isa = PBXFileReference; fileEncoding = 4; lastKnownFileType = sourcecode.swift; path = CallStackSymbolsError.swift; sourceTree = "<group>"; };
		CB3F0AB42A39BC8D00971533 /* CallStackSymbols.swift */ = {isa = PBXFileReference; fileEncoding = 4; lastKnownFileType = sourcecode.swift; path = CallStackSymbols.swift; sourceTree = "<group>"; };
		CB3F0AB92A39BFFC00971533 /* log-Bridging-Header.h */ = {isa = PBXFileReference; lastKnownFileType = sourcecode.c.h; path = "log-Bridging-Header.h"; sourceTree = "<group>"; };
		CB3F0ABA2A39BFFD00971533 /* BSBacktraceLogger.h */ = {isa = PBXFileReference; fileEncoding = 4; lastKnownFileType = sourcecode.c.h; path = BSBacktraceLogger.h; sourceTree = "<group>"; };
		CB3F0ABB2A39BFFD00971533 /* BSBacktraceLogger.m */ = {isa = PBXFileReference; fileEncoding = 4; lastKnownFileType = sourcecode.c.objc; path = BSBacktraceLogger.m; sourceTree = "<group>"; };
/* End PBXFileReference section */

/* Begin PBXFrameworksBuildPhase section */
		CB3F0A932A395C0400971533 /* Frameworks */ = {
			isa = PBXFrameworksBuildPhase;
			buildActionMask = 2147483647;
			files = (
				CB3F0AAF2A396C3300971533 /* Alamofire in Frameworks */,
			);
			runOnlyForDeploymentPostprocessing = 0;
		};
/* End PBXFrameworksBuildPhase section */

/* Begin PBXGroup section */
		CB3F0A8D2A395C0400971533 = {
			isa = PBXGroup;
			children = (
				CB3F0A982A395C0400971533 /* log */,
				CB3F0A972A395C0400971533 /* Products */,
			);
			sourceTree = "<group>";
		};
		CB3F0A972A395C0400971533 /* Products */ = {
			isa = PBXGroup;
			children = (
				CB3F0A962A395C0400971533 /* log.app */,
			);
			name = Products;
			sourceTree = "<group>";
		};
		CB3F0A982A395C0400971533 /* log */ = {
			isa = PBXGroup;
			children = (
				CB3F0ABA2A39BFFD00971533 /* BSBacktraceLogger.h */,
				CB3F0ABB2A39BFFD00971533 /* BSBacktraceLogger.m */,
				CB3F0AB02A39BC8D00971533 /* CallStackSymbols */,
				CB3F0A992A395C0400971533 /* AppDelegate.swift */,
				CB3F0A9B2A395C0400971533 /* SceneDelegate.swift */,
				CB3F0A9D2A395C0400971533 /* ViewController.swift */,
				CB3F0A9F2A395C0400971533 /* Main.storyboard */,
				CB3F0AA22A395C0600971533 /* Assets.xcassets */,
				CB3F0AA42A395C0600971533 /* LaunchScreen.storyboard */,
				CB3F0AA72A395C0600971533 /* Info.plist */,
				CB3F0AB92A39BFFC00971533 /* log-Bridging-Header.h */,
			);
			path = log;
			sourceTree = "<group>";
		};
		CB3F0AB02A39BC8D00971533 /* CallStackSymbols */ = {
			isa = PBXGroup;
			children = (
				CB3F0AB12A39BC8D00971533 /* DLADDR.swift */,
				CB3F0AB22A39BC8D00971533 /* DLADDRParser.swift */,
				CB3F0AB32A39BC8D00971533 /* CallStackSymbolsError.swift */,
				CB3F0AB42A39BC8D00971533 /* CallStackSymbols.swift */,
			);
			path = CallStackSymbols;
			sourceTree = "<group>";
		};
/* End PBXGroup section */

/* Begin PBXNativeTarget section */
		CB3F0A952A395C0400971533 /* log */ = {
			isa = PBXNativeTarget;
			buildConfigurationList = CB3F0AAA2A395C0600971533 /* Build configuration list for PBXNativeTarget "log" */;
			buildPhases = (
				CB3F0A922A395C0400971533 /* Sources */,
				CB3F0A932A395C0400971533 /* Frameworks */,
				CB3F0A942A395C0400971533 /* Resources */,
			);
			buildRules = (
			);
			dependencies = (
			);
			name = log;
			packageProductDependencies = (
				CB3F0AAE2A396C3300971533 /* Alamofire */,
			);
			productName = log;
			productReference = CB3F0A962A395C0400971533 /* log.app */;
			productType = "com.apple.product-type.application";
		};
/* End PBXNativeTarget section */

/* Begin PBXProject section */
		CB3F0A8E2A395C0400971533 /* Project object */ = {
			isa = PBXProject;
			attributes = {
				BuildIndependentTargetsInParallel = 1;
				LastSwiftUpdateCheck = 1420;
				LastUpgradeCheck = 1420;
				TargetAttributes = {
					CB3F0A952A395C0400971533 = {
						CreatedOnToolsVersion = 14.2;
						LastSwiftMigration = 1420;
					};
				};
			};
			buildConfigurationList = CB3F0A912A395C0400971533 /* Build configuration list for PBXProject "log" */;
			compatibilityVersion = "Xcode 14.0";
			developmentRegion = en;
			hasScannedForEncodings = 0;
			knownRegions = (
				en,
				Base,
			);
			mainGroup = CB3F0A8D2A395C0400971533;
			packageReferences = (
				CB3F0AAD2A396C3300971533 /* XCRemoteSwiftPackageReference "Alamofire" */,
			);
			productRefGroup = CB3F0A972A395C0400971533 /* Products */;
			projectDirPath = "";
			projectRoot = "";
			targets = (
				CB3F0A952A395C0400971533 /* log */,
			);
		};
/* End PBXProject section */

/* Begin PBXResourcesBuildPhase section */
		CB3F0A942A395C0400971533 /* Resources */ = {
			isa = PBXResourcesBuildPhase;
			buildActionMask = 2147483647;
			files = (
				CB3F0AA62A395C0600971533 /* LaunchScreen.storyboard in Resources */,
				CB3F0AA32A395C0600971533 /* Assets.xcassets in Resources */,
				CB3F0AA12A395C0400971533 /* Main.storyboard in Resources */,
			);
			runOnlyForDeploymentPostprocessing = 0;
		};
/* End PBXResourcesBuildPhase section */

/* Begin PBXSourcesBuildPhase section */
		CB3F0A922A395C0400971533 /* Sources */ = {
			isa = PBXSourcesBuildPhase;
			buildActionMask = 2147483647;
			files = (
				CB3F0A9E2A395C0400971533 /* ViewController.swift in Sources */,
				CB3F0AB62A39BC8D00971533 /* DLADDRParser.swift in Sources */,
				CB3F0AB82A39BC8D00971533 /* CallStackSymbols.swift in Sources */,
				CB3F0ABC2A39BFFD00971533 /* BSBacktraceLogger.m in Sources */,
				CB3F0A9A2A395C0400971533 /* AppDelegate.swift in Sources */,
				CB3F0AB52A39BC8D00971533 /* DLADDR.swift in Sources */,
				CB3F0A9C2A395C0400971533 /* SceneDelegate.swift in Sources */,
				CB3F0AB72A39BC8D00971533 /* CallStackSymbolsError.swift in Sources */,
			);
			runOnlyForDeploymentPostprocessing = 0;
		};
/* End PBXSourcesBuildPhase section */

/* Begin PBXVariantGroup section */
		CB3F0A9F2A395C0400971533 /* Main.storyboard */ = {
			isa = PBXVariantGroup;
			children = (
				CB3F0AA02A395C0400971533 /* Base */,
			);
			name = Main.storyboard;
			sourceTree = "<group>";
		};
		CB3F0AA42A395C0600971533 /* LaunchScreen.storyboard */ = {
			isa = PBXVariantGroup;
			children = (
				CB3F0AA52A395C0600971533 /* Base */,
			);
			name = LaunchScreen.storyboard;
			sourceTree = "<group>";
		};
/* End PBXVariantGroup section */

/* Begin XCBuildConfiguration section */
		CB3F0AA82A395C0600971533 /* Debug */ = {
			isa = XCBuildConfiguration;
			buildSettings = {
				ALWAYS_SEARCH_USER_PATHS = NO;
				CLANG_ANALYZER_NONNULL = YES;
				CLANG_ANALYZER_NUMBER_OBJECT_CONVERSION = YES_AGGRESSIVE;
				CLANG_CXX_LANGUAGE_STANDARD = "gnu++20";
				CLANG_ENABLE_MODULES = YES;
				CLANG_ENABLE_OBJC_ARC = YES;
				CLANG_ENABLE_OBJC_WEAK = YES;
				CLANG_WARN_BLOCK_CAPTURE_AUTORELEASING = YES;
				CLANG_WARN_BOOL_CONVERSION = YES;
				CLANG_WARN_COMMA = YES;
				CLANG_WARN_CONSTANT_CONVERSION = YES;
				CLANG_WARN_DEPRECATED_OBJC_IMPLEMENTATIONS = YES;
				CLANG_WARN_DIRECT_OBJC_ISA_USAGE = YES_ERROR;
				CLANG_WARN_DOCUMENTATION_COMMENTS = YES;
				CLANG_WARN_EMPTY_BODY = YES;
				CLANG_WARN_ENUM_CONVERSION = YES;
				CLANG_WARN_INFINITE_RECURSION = YES;
				CLANG_WARN_INT_CONVERSION = YES;
				CLANG_WARN_NON_LITERAL_NULL_CONVERSION = YES;
				CLANG_WARN_OBJC_IMPLICIT_RETAIN_SELF = YES;
				CLANG_WARN_OBJC_LITERAL_CONVERSION = YES;
				CLANG_WARN_OBJC_ROOT_CLASS = YES_ERROR;
				CLANG_WARN_QUOTED_INCLUDE_IN_FRAMEWORK_HEADER = YES;
				CLANG_WARN_RANGE_LOOP_ANALYSIS = YES;
				CLANG_WARN_STRICT_PROTOTYPES = YES;
				CLANG_WARN_SUSPICIOUS_MOVE = YES;
				CLANG_WARN_UNGUARDED_AVAILABILITY = YES_AGGRESSIVE;
				CLANG_WARN_UNREACHABLE_CODE = YES;
				CLANG_WARN__DUPLICATE_METHOD_MATCH = YES;
				COPY_PHASE_STRIP = NO;
				DEBUG_INFORMATION_FORMAT = dwarf;
				ENABLE_STRICT_OBJC_MSGSEND = YES;
				ENABLE_TESTABILITY = YES;
				GCC_C_LANGUAGE_STANDARD = gnu11;
				GCC_DYNAMIC_NO_PIC = NO;
				GCC_NO_COMMON_BLOCKS = YES;
				GCC_OPTIMIZATION_LEVEL = 0;
				GCC_PREPROCESSOR_DEFINITIONS = (
					"DEBUG=1",
					"$(inherited)",
				);
				GCC_WARN_64_TO_32_BIT_CONVERSION = YES;
				GCC_WARN_ABOUT_RETURN_TYPE = YES_ERROR;
				GCC_WARN_UNDECLARED_SELECTOR = YES;
				GCC_WARN_UNINITIALIZED_AUTOS = YES_AGGRESSIVE;
				GCC_WARN_UNUSED_FUNCTION = YES;
				GCC_WARN_UNUSED_VARIABLE = YES;
				IPHONEOS_DEPLOYMENT_TARGET = 16.2;
				MTL_ENABLE_DEBUG_INFO = INCLUDE_SOURCE;
				MTL_FAST_MATH = YES;
				ONLY_ACTIVE_ARCH = YES;
				SDKROOT = iphoneos;
				SWIFT_ACTIVE_COMPILATION_CONDITIONS = DEBUG;
				SWIFT_OPTIMIZATION_LEVEL = "-Onone";
			};
			name = Debug;
		};
		CB3F0AA92A395C0600971533 /* Release */ = {
			isa = XCBuildConfiguration;
			buildSettings = {
				ALWAYS_SEARCH_USER_PATHS = NO;
				CLANG_ANALYZER_NONNULL = YES;
				CLANG_ANALYZER_NUMBER_OBJECT_CONVERSION = YES_AGGRESSIVE;
				CLANG_CXX_LANGUAGE_STANDARD = "gnu++20";
				CLANG_ENABLE_MODULES = YES;
				CLANG_ENABLE_OBJC_ARC = YES;
				CLANG_ENABLE_OBJC_WEAK = YES;
				CLANG_WARN_BLOCK_CAPTURE_AUTORELEASING = YES;
				CLANG_WARN_BOOL_CONVERSION = YES;
				CLANG_WARN_COMMA = YES;
				CLANG_WARN_CONSTANT_CONVERSION = YES;
				CLANG_WARN_DEPRECATED_OBJC_IMPLEMENTATIONS = YES;
				CLANG_WARN_DIRECT_OBJC_ISA_USAGE = YES_ERROR;
				CLANG_WARN_DOCUMENTATION_COMMENTS = YES;
				CLANG_WARN_EMPTY_BODY = YES;
				CLANG_WARN_ENUM_CONVERSION = YES;
				CLANG_WARN_INFINITE_RECURSION = YES;
				CLANG_WARN_INT_CONVERSION = YES;
				CLANG_WARN_NON_LITERAL_NULL_CONVERSION = YES;
				CLANG_WARN_OBJC_IMPLICIT_RETAIN_SELF = YES;
				CLANG_WARN_OBJC_LITERAL_CONVERSION = YES;
				CLANG_WARN_OBJC_ROOT_CLASS = YES_ERROR;
				CLANG_WARN_QUOTED_INCLUDE_IN_FRAMEWORK_HEADER = YES;
				CLANG_WARN_RANGE_LOOP_ANALYSIS = YES;
				CLANG_WARN_STRICT_PROTOTYPES = YES;
				CLANG_WARN_SUSPICIOUS_MOVE = YES;
				CLANG_WARN_UNGUARDED_AVAILABILITY = YES_AGGRESSIVE;
				CLANG_WARN_UNREACHABLE_CODE = YES;
				CLANG_WARN__DUPLICATE_METHOD_MATCH = YES;
				COPY_PHASE_STRIP = NO;
				DEBUG_INFORMATION_FORMAT = "dwarf-with-dsym";
				ENABLE_NS_ASSERTIONS = NO;
				ENABLE_STRICT_OBJC_MSGSEND = YES;
				GCC_C_LANGUAGE_STANDARD = gnu11;
				GCC_NO_COMMON_BLOCKS = YES;
				GCC_WARN_64_TO_32_BIT_CONVERSION = YES;
				GCC_WARN_ABOUT_RETURN_TYPE = YES_ERROR;
				GCC_WARN_UNDECLARED_SELECTOR = YES;
				GCC_WARN_UNINITIALIZED_AUTOS = YES_AGGRESSIVE;
				GCC_WARN_UNUSED_FUNCTION = YES;
				GCC_WARN_UNUSED_VARIABLE = YES;
				IPHONEOS_DEPLOYMENT_TARGET = 16.2;
				MTL_ENABLE_DEBUG_INFO = NO;
				MTL_FAST_MATH = YES;
				SDKROOT = iphoneos;
				SWIFT_COMPILATION_MODE = wholemodule;
				SWIFT_OPTIMIZATION_LEVEL = "-O";
				VALIDATE_PRODUCT = YES;
			};
			name = Release;
		};
		CB3F0AAB2A395C0600971533 /* Debug */ = {
			isa = XCBuildConfiguration;
			buildSettings = {
				ASSETCATALOG_COMPILER_APPICON_NAME = AppIcon;
				ASSETCATALOG_COMPILER_GLOBAL_ACCENT_COLOR_NAME = AccentColor;
				CLANG_ENABLE_MODULES = YES;
				CODE_SIGN_STYLE = Automatic;
				CURRENT_PROJECT_VERSION = 1;
				DEVELOPMENT_TEAM = J3Q6NXR57K;
				GENERATE_INFOPLIST_FILE = YES;
				INFOPLIST_FILE = log/Info.plist;
				INFOPLIST_KEY_UIApplicationSupportsIndirectInputEvents = YES;
				INFOPLIST_KEY_UILaunchStoryboardName = LaunchScreen;
				INFOPLIST_KEY_UIMainStoryboardFile = Main;
				INFOPLIST_KEY_UISupportedInterfaceOrientations_iPad = "UIInterfaceOrientationPortrait UIInterfaceOrientationPortraitUpsideDown UIInterfaceOrientationLandscapeLeft UIInterfaceOrientationLandscapeRight";
				INFOPLIST_KEY_UISupportedInterfaceOrientations_iPhone = "UIInterfaceOrientationPortrait UIInterfaceOrientationLandscapeLeft UIInterfaceOrientationLandscapeRight";
				IPHONEOS_DEPLOYMENT_TARGET = 13.0;
				LD_RUNPATH_SEARCH_PATHS = (
					"$(inherited)",
					"@executable_path/Frameworks",
				);
				MARKETING_VERSION = 1.0;
				PRODUCT_BUNDLE_IDENTIFIER = thond.log;
				PRODUCT_NAME = "$(TARGET_NAME)";
				SWIFT_EMIT_LOC_STRINGS = YES;
				SWIFT_OBJC_BRIDGING_HEADER = "log/log-Bridging-Header.h";
				SWIFT_OPTIMIZATION_LEVEL = "-Onone";
				SWIFT_VERSION = 5.0;
				TARGETED_DEVICE_FAMILY = "1,2";
			};
			name = Debug;
		};
		CB3F0AAC2A395C0600971533 /* Release */ = {
			isa = XCBuildConfiguration;
			buildSettings = {
				ASSETCATALOG_COMPILER_APPICON_NAME = AppIcon;
				ASSETCATALOG_COMPILER_GLOBAL_ACCENT_COLOR_NAME = AccentColor;
				CLANG_ENABLE_MODULES = YES;
				CODE_SIGN_STYLE = Automatic;
				CURRENT_PROJECT_VERSION = 1;
				DEVELOPMENT_TEAM = J3Q6NXR57K;
				GENERATE_INFOPLIST_FILE = YES;
				INFOPLIST_FILE = log/Info.plist;
				INFOPLIST_KEY_UIApplicationSupportsIndirectInputEvents = YES;
				INFOPLIST_KEY_UILaunchStoryboardName = LaunchScreen;
				INFOPLIST_KEY_UIMainStoryboardFile = Main;
				INFOPLIST_KEY_UISupportedInterfaceOrientations_iPad = "UIInterfaceOrientationPortrait UIInterfaceOrientationPortraitUpsideDown UIInterfaceOrientationLandscapeLeft UIInterfaceOrientationLandscapeRight";
				INFOPLIST_KEY_UISupportedInterfaceOrientations_iPhone = "UIInterfaceOrientationPortrait UIInterfaceOrientationLandscapeLeft UIInterfaceOrientationLandscapeRight";
				IPHONEOS_DEPLOYMENT_TARGET = 13.0;
				LD_RUNPATH_SEARCH_PATHS = (
					"$(inherited)",
					"@executable_path/Frameworks",
				);
				MARKETING_VERSION = 1.0;
				PRODUCT_BUNDLE_IDENTIFIER = thond.log;
				PRODUCT_NAME = "$(TARGET_NAME)";
				SWIFT_EMIT_LOC_STRINGS = YES;
				SWIFT_OBJC_BRIDGING_HEADER = "log/log-Bridging-Header.h";
				SWIFT_VERSION = 5.0;
				TARGETED_DEVICE_FAMILY = "1,2";
			};
			name = Release;
		};
/* End XCBuildConfiguration section */

/* Begin XCConfigurationList section */
		CB3F0A912A395C0400971533 /* Build configuration list for PBXProject "log" */ = {
			isa = XCConfigurationList;
			buildConfigurations = (
				CB3F0AA82A395C0600971533 /* Debug */,
				CB3F0AA92A395C0600971533 /* Release */,
			);
			defaultConfigurationIsVisible = 0;
			defaultConfigurationName = Release;
		};
		CB3F0AAA2A395C0600971533 /* Build configuration list for PBXNativeTarget "log" */ = {
			isa = XCConfigurationList;
			buildConfigurations = (
				CB3F0AAB2A395C0600971533 /* Debug */,
				CB3F0AAC2A395C0600971533 /* Release */,
			);
			defaultConfigurationIsVisible = 0;
			defaultConfigurationName = Release;
		};
/* End XCConfigurationList section */

/* Begin XCRemoteSwiftPackageReference section */
		CB3F0AAD2A396C3300971533 /* XCRemoteSwiftPackageReference "Alamofire" */ = {
			isa = XCRemoteSwiftPackageReference;
			repositoryURL = "https://github.com/Alamofire/Alamofire.git";
			requirement = {
				kind = upToNextMajorVersion;
				minimumVersion = 5.0.0;
			};
		};
/* End XCRemoteSwiftPackageReference section */

/* Begin XCSwiftPackageProductDependency section */
		CB3F0AAE2A396C3300971533 /* Alamofire */ = {
			isa = XCSwiftPackageProductDependency;
			package = CB3F0AAD2A396C3300971533 /* XCRemoteSwiftPackageReference "Alamofire" */;
			productName = Alamofire;
		};
/* End XCSwiftPackageProductDependency section */
	};
	rootObject = CB3F0A8E2A395C0400971533 /* Project object */;
}
